
Microsoft Visual Studio Solution File, Format Version 12.00
# Visual Studio 15
VisualStudioVersion = 15.0.27004.2005
MinimumVisualStudioVersion = 10.0.40219.1
Project("{FAE04EC0-301F-11D3-BF4B-00C04F79EFBC}") = "Otopark_Queue", "Otopark_Queue\Otopark_Queue.csproj", "{F4A46B59-A305-49BD-BCA5-ACCE027C5E0C}"
EndProject
Global
	GlobalSection(SolutionConfigurationPlatforms) = preSolution
		Debug|Any CPU = Debug|Any CPU
		Release|Any CPU = Release|Any CPU
	EndGlobalSection
	GlobalSection(ProjectConfigurationPlatforms) = postSolution
		{F4A46B59-A305-49BD-BCA5-ACCE027C5E0C}.Debug|Any CPU.ActiveCfg = Debug|Any CPU
		{F4A46B59-A305-49BD-BCA5-ACCE027C5E0C}.Debug|Any CPU.Build.0 = Debug|Any CPU
		{F4A46B59-A305-49BD-BCA5-ACCE027C5E0C}.Release|Any CPU.ActiveCfg = Release|Any CPU
		{F4A46B59-A305-49BD-BCA5-ACCE027C5E0C}.Release|Any CPU.Build.0 = Release|Any CPU
	EndGlobalSection
	GlobalSection(SolutionProperties) = preSolution
		HideSolutionNode = FALSE
	EndGlobalSection
	GlobalSection(ExtensibilityGlobals) = postSolution
		SolutionGuid = {D5A94E20-F0C8-4CF5-BB59-756FCEC8A7FC}
	EndGlobalSection
EndGlobal
